
Microsoft Visual Studio Solution File, Format Version 12.00
# Visual Studio Version 17
VisualStudioVersion = 17.1.32414.318
MinimumVisualStudioVersion = 10.0.40219.1
Project("{9A19103F-16F7-4668-BE54-9A1E7A4F7556}") = "HealthcareApi", "HealthcareApi.csproj", "{FEFDAE0E-1B61-40C4-AE8E-9AE8AD73B349}"
EndProject
Project("{9A19103F-16F7-4668-BE54-9A1E7A4F7556}") = "HealthcareApi.UnitTests", "..\apiUnitTests\HealthcareApi.UnitTests.csproj", "{EFBF42A0-AEA5-423C-A8E0-E3F48F76D4D2}"
EndProject
Project("{E53339B2-1760-4266-BCC7-CA923CBCF16C}") = "docker-compose", "docker-compose.dcproj", "{14311F7D-E464-4D5F-A96D-E6F5218303B5}"
EndProject
Global
	GlobalSection(SolutionConfigurationPlatforms) = preSolution
		Debug|Any CPU = Debug|Any CPU
		Release|Any CPU = Release|Any CPU
	EndGlobalSection
	GlobalSection(ProjectConfigurationPlatforms) = postSolution
		{FEFDAE0E-1B61-40C4-AE8E-9AE8AD73B349}.Debug|Any CPU.ActiveCfg = Debug|Any CPU
		{FEFDAE0E-1B61-40C4-AE8E-9AE8AD73B349}.Debug|Any CPU.Build.0 = Debug|Any CPU
		{FEFDAE0E-1B61-40C4-AE8E-9AE8AD73B349}.Release|Any CPU.ActiveCfg = Release|Any CPU
		{FEFDAE0E-1B61-40C4-AE8E-9AE8AD73B349}.Release|Any CPU.Build.0 = Release|Any CPU
		{EFBF42A0-AEA5-423C-A8E0-E3F48F76D4D2}.Debug|Any CPU.ActiveCfg = Debug|Any CPU
		{EFBF42A0-AEA5-423C-A8E0-E3F48F76D4D2}.Debug|Any CPU.Build.0 = Debug|Any CPU
		{EFBF42A0-AEA5-423C-A8E0-E3F48F76D4D2}.Release|Any CPU.ActiveCfg = Release|Any CPU
		{EFBF42A0-AEA5-423C-A8E0-E3F48F76D4D2}.Release|Any CPU.Build.0 = Release|Any CPU
		{14311F7D-E464-4D5F-A96D-E6F5218303B5}.Debug|Any CPU.ActiveCfg = Debug|Any CPU
		{14311F7D-E464-4D5F-A96D-E6F5218303B5}.Debug|Any CPU.Build.0 = Debug|Any CPU
		{14311F7D-E464-4D5F-A96D-E6F5218303B5}.Release|Any CPU.ActiveCfg = Release|Any CPU
		{14311F7D-E464-4D5F-A96D-E6F5218303B5}.Release|Any CPU.Build.0 = Release|Any CPU
	EndGlobalSection
	GlobalSection(SolutionProperties) = preSolution
		HideSolutionNode = FALSE
	EndGlobalSection
	GlobalSection(ExtensibilityGlobals) = postSolution
		SolutionGuid = {DEA5F24B-0AEE-48AC-8A1E-52C34A42FAE4}
	EndGlobalSection
EndGlobal
